
Microsoft Visual Studio Solution File, Format Version 12.00
# Visual Studio 15
VisualStudioVersion = 15.0.27703.2026
MinimumVisualStudioVersion = 10.0.40219.1
Project("{FAE04EC0-301F-11D3-BF4B-00C04F79EFBC}") = "DeskBandRegister", "DeskBandRegister\DeskBandRegister.csproj", "{3B341FB0-2988-4976-934B-3F0DC2F67C9D}"
EndProject
Project("{FAE04EC0-301F-11D3-BF4B-00C04F79EFBC}") = "DiceDeskBand", "DiceDeskBand\DiceDeskBand.csproj", "{14A01B0C-1BA3-47B4-9D1A-45B99C70EF07}"
EndProject
Project("{FAE04EC0-301F-11D3-BF4B-00C04F79EFBC}") = "WpfApp1", "WpfApp1\WpfApp1.csproj", "{C621F37B-F61E-4E1C-8927-527EFCEA1564}"
EndProject
Project("{FAE04EC0-301F-11D3-BF4B-00C04F79EFBC}") = "CSDeskband.Wpf", "CSDeskBand.Wpf\CSDeskband.Wpf.csproj", "{3BEE7144-7E4E-44F6-9C36-B147D15F944F}"
EndProject
Project("{FAE04EC0-301F-11D3-BF4B-00C04F79EFBC}") = "UnitTestProject1", "UnitTestProject1\UnitTestProject1.csproj", "{4993AD30-B30E-49CB-BDD9-27B833777FB8}"
EndProject
Global
	GlobalSection(SolutionConfigurationPlatforms) = preSolution
		Debug|Any CPU = Debug|Any CPU
		Debug|x64 = Debug|x64
		Debug|x86 = Debug|x86
		Release|Any CPU = Release|Any CPU
		Release|x64 = Release|x64
		Release|x86 = Release|x86
	EndGlobalSection
	GlobalSection(ProjectConfigurationPlatforms) = postSolution
		{3B341FB0-2988-4976-934B-3F0DC2F67C9D}.Debug|Any CPU.ActiveCfg = Debug|Any CPU
		{3B341FB0-2988-4976-934B-3F0DC2F67C9D}.Debug|Any CPU.Build.0 = Debug|Any CPU
		{3B341FB0-2988-4976-934B-3F0DC2F67C9D}.Debug|x64.ActiveCfg = Debug|x64
		{3B341FB0-2988-4976-934B-3F0DC2F67C9D}.Debug|x64.Build.0 = Debug|x64
		{3B341FB0-2988-4976-934B-3F0DC2F67C9D}.Debug|x86.ActiveCfg = Debug|Any CPU
		{3B341FB0-2988-4976-934B-3F0DC2F67C9D}.Debug|x86.Build.0 = Debug|Any CPU
		{3B341FB0-2988-4976-934B-3F0DC2F67C9D}.Release|Any CPU.ActiveCfg = Release|Any CPU
		{3B341FB0-2988-4976-934B-3F0DC2F67C9D}.Release|Any CPU.Build.0 = Release|Any CPU
		{3B341FB0-2988-4976-934B-3F0DC2F67C9D}.Release|x64.ActiveCfg = Release|x64
		{3B341FB0-2988-4976-934B-3F0DC2F67C9D}.Release|x64.Build.0 = Release|x64
		{3B341FB0-2988-4976-934B-3F0DC2F67C9D}.Release|x86.ActiveCfg = Release|Any CPU
		{3B341FB0-2988-4976-934B-3F0DC2F67C9D}.Release|x86.Build.0 = Release|Any CPU
		{14A01B0C-1BA3-47B4-9D1A-45B99C70EF07}.Debug|Any CPU.ActiveCfg = Debug|Any CPU
		{14A01B0C-1BA3-47B4-9D1A-45B99C70EF07}.Debug|Any CPU.Build.0 = Debug|Any CPU
		{14A01B0C-1BA3-47B4-9D1A-45B99C70EF07}.Debug|x64.ActiveCfg = Debug|x64
		{14A01B0C-1BA3-47B4-9D1A-45B99C70EF07}.Debug|x64.Build.0 = Debug|x64
		{14A01B0C-1BA3-47B4-9D1A-45B99C70EF07}.Debug|x86.ActiveCfg = Debug|Any CPU
		{14A01B0C-1BA3-47B4-9D1A-45B99C70EF07}.Debug|x86.Build.0 = Debug|Any CPU
		{14A01B0C-1BA3-47B4-9D1A-45B99C70EF07}.Release|Any CPU.ActiveCfg = Release|Any CPU
		{14A01B0C-1BA3-47B4-9D1A-45B99C70EF07}.Release|Any CPU.Build.0 = Release|Any CPU
		{14A01B0C-1BA3-47B4-9D1A-45B99C70EF07}.Release|x64.ActiveCfg = Release|x64
		{14A01B0C-1BA3-47B4-9D1A-45B99C70EF07}.Release|x64.Build.0 = Release|x64
		{14A01B0C-1BA3-47B4-9D1A-45B99C70EF07}.Release|x86.ActiveCfg = Release|Any CPU
		{14A01B0C-1BA3-47B4-9D1A-45B99C70EF07}.Release|x86.Build.0 = Release|Any CPU
		{C621F37B-F61E-4E1C-8927-527EFCEA1564}.Debug|Any CPU.ActiveCfg = Debug|Any CPU
		{C621F37B-F61E-4E1C-8927-527EFCEA1564}.Debug|Any CPU.Build.0 = Debug|Any CPU
		{C621F37B-F61E-4E1C-8927-527EFCEA1564}.Debug|x64.ActiveCfg = Debug|x64
		{C621F37B-F61E-4E1C-8927-527EFCEA1564}.Debug|x64.Build.0 = Debug|x64
		{C621F37B-F61E-4E1C-8927-527EFCEA1564}.Debug|x86.ActiveCfg = Debug|Any CPU
		{C621F37B-F61E-4E1C-8927-527EFCEA1564}.Debug|x86.Build.0 = Debug|Any CPU
		{C621F37B-F61E-4E1C-8927-527EFCEA1564}.Release|Any CPU.ActiveCfg = Release|Any CPU
		{C621F37B-F61E-4E1C-8927-527EFCEA1564}.Release|Any CPU.Build.0 = Release|Any CPU
		{C621F37B-F61E-4E1C-8927-527EFCEA1564}.Release|x64.ActiveCfg = Release|x64
		{C621F37B-F61E-4E1C-8927-527EFCEA1564}.Release|x64.Build.0 = Release|x64
		{C621F37B-F61E-4E1C-8927-527EFCEA1564}.Release|x86.ActiveCfg = Release|Any CPU
		{C621F37B-F61E-4E1C-8927-527EFCEA1564}.Release|x86.Build.0 = Release|Any CPU
		{3BEE7144-7E4E-44F6-9C36-B147D15F944F}.Debug|Any CPU.ActiveCfg = Debug|Any CPU
		{3BEE7144-7E4E-44F6-9C36-B147D15F944F}.Debug|Any CPU.Build.0 = Debug|Any CPU
		{3BEE7144-7E4E-44F6-9C36-B147D15F944F}.Debug|x64.ActiveCfg = Debug|x64
		{3BEE7144-7E4E-44F6-9C36-B147D15F944F}.Debug|x64.Build.0 = Debug|x64
		{3BEE7144-7E4E-44F6-9C36-B147D15F944F}.Debug|x86.ActiveCfg = Debug|x86
		{3BEE7144-7E4E-44F6-9C36-B147D15F944F}.Debug|x86.Build.0 = Debug|x86
		{3BEE7144-7E4E-44F6-9C36-B147D15F944F}.Release|Any CPU.ActiveCfg = Release|Any CPU
		{3BEE7144-7E4E-44F6-9C36-B147D15F944F}.Release|Any CPU.Build.0 = Release|Any CPU
		{3BEE7144-7E4E-44F6-9C36-B147D15F944F}.Release|x64.ActiveCfg = Release|x64
		{3BEE7144-7E4E-44F6-9C36-B147D15F944F}.Release|x64.Build.0 = Release|x64
		{3BEE7144-7E4E-44F6-9C36-B147D15F944F}.Release|x86.ActiveCfg = Release|x86
		{3BEE7144-7E4E-44F6-9C36-B147D15F944F}.Release|x86.Build.0 = Release|x86
		{4993AD30-B30E-49CB-BDD9-27B833777FB8}.Debug|Any CPU.ActiveCfg = Debug|Any CPU
		{4993AD30-B30E-49CB-BDD9-27B833777FB8}.Debug|Any CPU.Build.0 = Debug|Any CPU
		{4993AD30-B30E-49CB-BDD9-27B833777FB8}.Debug|x64.ActiveCfg = Debug|Any CPU
		{4993AD30-B30E-49CB-BDD9-27B833777FB8}.Debug|x64.Build.0 = Debug|Any CPU
		{4993AD30-B30E-49CB-BDD9-27B833777FB8}.Debug|x86.ActiveCfg = Debug|Any CPU
		{4993AD30-B30E-49CB-BDD9-27B833777FB8}.Debug|x86.Build.0 = Debug|Any CPU
		{4993AD30-B30E-49CB-BDD9-27B833777FB8}.Release|Any CPU.ActiveCfg = Release|Any CPU
		{4993AD30-B30E-49CB-BDD9-27B833777FB8}.Release|Any CPU.Build.0 = Release|Any CPU
		{4993AD30-B30E-49CB-BDD9-27B833777FB8}.Release|x64.ActiveCfg = Release|Any CPU
		{4993AD30-B30E-49CB-BDD9-27B833777FB8}.Release|x64.Build.0 = Release|Any CPU
		{4993AD30-B30E-49CB-BDD9-27B833777FB8}.Release|x86.ActiveCfg = Release|Any CPU
		{4993AD30-B30E-49CB-BDD9-27B833777FB8}.Release|x86.Build.0 = Release|Any CPU
	EndGlobalSection
	GlobalSection(SolutionProperties) = preSolution
		HideSolutionNode = FALSE
	EndGlobalSection
	GlobalSection(ExtensibilityGlobals) = postSolution
		SolutionGuid = {1BEEE635-B49C-4C79-B3D2-4548BECE8F27}
	EndGlobalSection
EndGlobal
